Microsoft Visual Studio Solution File, Format Version 12.00
# Visual Studio Version 17
VisualStudioVersion = 17.13.35806.99
MinimumVisualStudioVersion = 10.0.40219.1
Project("{FAE04EC0-301F-11D3-BF4B-00C04F79EFBC}") = "calendar2", "calendar2.csproj", "{325A3E01-54C8-4936-BD7C-3CC21988203E}"
EndProject
Global
	GlobalSection(SolutionConfigurationPlatforms) = preSolution
		Debug|Any CPU = Debug|Any CPU
		Release|Any CPU = Release|Any CPU
	EndGlobalSection
	GlobalSection(ProjectConfigurationPlatforms) = postSolution
		{325A3E01-54C8-4936-BD7C-3CC21988203E}.Debug|Any CPU.ActiveCfg = Debug|Any CPU
		{325A3E01-54C8-4936-BD7C-3CC21988203E}.Debug|Any CPU.Build.0 = Debug|Any CPU
		{325A3E01-54C8-4936-BD7C-3CC21988203E}.Release|Any CPU.ActiveCfg = Release|Any CPU
		{325A3E01-54C8-4936-BD7C-3CC21988203E}.Release|Any CPU.Build.0 = Release|Any CPU
	EndGlobalSection
	GlobalSection(SolutionProperties) = preSolution
		HideSolutionNode = FALSE
	EndGlobalSection
	GlobalSection(ExtensibilityGlobals) = postSolution
		SolutionGuid = {C305BFFF-9255-41AB-8982-53A227837FF1}
	EndGlobalSection
EndGlobal
